
Microsoft Visual Studio Solution File, Format Version 12.00
# Visual Studio 15
VisualStudioVersion = 15.0.28307.329
MinimumVisualStudioVersion = 10.0.40219.1
Project("{FAE04EC0-301F-11D3-BF4B-00C04F79EFBC}") = "c-Sharp", "c-Sharp\c-Sharp.csproj", "{0F621B45-B7DD-4C77-8276-D367006286CD}"
EndProject
Global
	GlobalSection(SolutionConfigurationPlatforms) = preSolution
		Debug|Any CPU = Debug|Any CPU
		Release|Any CPU = Release|Any CPU
	EndGlobalSection
	GlobalSection(ProjectConfigurationPlatforms) = postSolution
		{0F621B45-B7DD-4C77-8276-D367006286CD}.Debug|Any CPU.ActiveCfg = Debug|Any CPU
		{0F621B45-B7DD-4C77-8276-D367006286CD}.Debug|Any CPU.Build.0 = Debug|Any CPU
		{0F621B45-B7DD-4C77-8276-D367006286CD}.Release|Any CPU.ActiveCfg = Release|Any CPU
		{0F621B45-B7DD-4C77-8276-D367006286CD}.Release|Any CPU.Build.0 = Release|Any CPU
	EndGlobalSection
	GlobalSection(SolutionProperties) = preSolution
		HideSolutionNode = FALSE
	EndGlobalSection
	GlobalSection(ExtensibilityGlobals) = postSolution
		SolutionGuid = {422E5B26-7D14-4938-82F5-1AB61B101E9E}
	EndGlobalSection
EndGlobal
