
Microsoft Visual Studio Solution File, Format Version 12.00
# Visual Studio 15
VisualStudioVersion = 15.0.28307.329
MinimumVisualStudioVersion = 10.0.40219.1
Project("{FAE04EC0-301F-11D3-BF4B-00C04F79EFBC}") = "AbstrStruc", "AbstrStruc\AbstrStruc.csproj", "{FE943CC1-552E-43EA-BF7F-540E213DF1ED}"
EndProject
Global
	GlobalSection(SolutionConfigurationPlatforms) = preSolution
		Debug|Any CPU = Debug|Any CPU
		Release|Any CPU = Release|Any CPU
	EndGlobalSection
	GlobalSection(ProjectConfigurationPlatforms) = postSolution
		{FE943CC1-552E-43EA-BF7F-540E213DF1ED}.Debug|Any CPU.ActiveCfg = Debug|Any CPU
		{FE943CC1-552E-43EA-BF7F-540E213DF1ED}.Debug|Any CPU.Build.0 = Debug|Any CPU
		{FE943CC1-552E-43EA-BF7F-540E213DF1ED}.Release|Any CPU.ActiveCfg = Release|Any CPU
		{FE943CC1-552E-43EA-BF7F-540E213DF1ED}.Release|Any CPU.Build.0 = Release|Any CPU
	EndGlobalSection
	GlobalSection(SolutionProperties) = preSolution
		HideSolutionNode = FALSE
	EndGlobalSection
	GlobalSection(ExtensibilityGlobals) = postSolution
		SolutionGuid = {54410D22-DE3C-4054-8816-B43811E2235F}
	EndGlobalSection
EndGlobal
